{
  "object": {
    "pins": [
      {
        "package": "Mockingbird",
        "repositoryURL": "https://github.com/birdrides/mockingbird",
        "state": {
          "branch": null,
          "revision": "796ee37672784994431ed3ccb2b9ffdcd80fc3ad",
          "version": "0.13.1"
        }
      }
    ]
  },
  "version": 1
}
